// !$*UTF8*$!
{
	archiveVersion = 1;
	classes = {
	};
	objectVersion = 55;
	objects = {

/* Begin PBXBuildFile section */
		14183C1C28DC5EDF00B23AB3 /* EditingModalView.swift in Sources */ = {isa = PBXBuildFile; fileRef = 14183C1B28DC5EDF00B23AB3 /* EditingModalView.swift */; };
		14183C3C28E5B3A100B23AB3 /* TestFontSwiftui.swift in Sources */ = {isa = PBXBuildFile; fileRef = 14183C3B28E5B3A100B23AB3 /* TestFontSwiftui.swift */; };
		14183C5928E884F800B23AB3 /* IBMPlexSansCondensed-Italic.ttf in Resources */ = {isa = PBXBuildFile; fileRef = 14183C5828E884F800B23AB3 /* IBMPlexSansCondensed-Italic.ttf */; };
		14183C5B28E8863500B23AB3 /* IBMPlexSansCondensed-SemiBoldItalic.ttf in Resources */ = {isa = PBXBuildFile; fileRef = 14183C5A28E8863500B23AB3 /* IBMPlexSansCondensed-SemiBoldItalic.ttf */; };
		14183C5D28E886CD00B23AB3 /* StintUltraCondensed-Regular.ttf in Resources */ = {isa = PBXBuildFile; fileRef = 14183C5C28E886CD00B23AB3 /* StintUltraCondensed-Regular.ttf */; };
		14183C6328EC489800B23AB3 /* PlusFourCardDraw.swift in Sources */ = {isa = PBXBuildFile; fileRef = 14183C6228EC489800B23AB3 /* PlusFourCardDraw.swift */; };
		14183C6928EC69C100B23AB3 /* PlusTwoCardView.swift in Sources */ = {isa = PBXBuildFile; fileRef = 14183C6828EC69C100B23AB3 /* PlusTwoCardView.swift */; };
		14183C6B28ED8AD600B23AB3 /* TourChangeCardView.swift in Sources */ = {isa = PBXBuildFile; fileRef = 14183C6A28ED8AD600B23AB3 /* TourChangeCardView.swift */; };
		142C54142912BF190003033A /* TestSEarcheList.swift in Sources */ = {isa = PBXBuildFile; fileRef = 142C54132912BF190003033A /* TestSEarcheList.swift */; };
		1432D28128AB7A4B00285E2E /* UnoScoreApp.swift in Sources */ = {isa = PBXBuildFile; fileRef = 1432D28028AB7A4B00285E2E /* UnoScoreApp.swift */; };
		1432D28328AB7A4B00285E2E /* ContentView.swift in Sources */ = {isa = PBXBuildFile; fileRef = 1432D28228AB7A4B00285E2E /* ContentView.swift */; };
		1432D28528AB7A4D00285E2E /* Assets.xcassets in Resources */ = {isa = PBXBuildFile; fileRef = 1432D28428AB7A4D00285E2E /* Assets.xcassets */; };
		1432D28828AB7A4D00285E2E /* Preview Assets.xcassets in Resources */ = {isa = PBXBuildFile; fileRef = 1432D28728AB7A4D00285E2E /* Preview Assets.xcassets */; };
		1432D28F28AB7A7000285E2E /* DataModel.swift in Sources */ = {isa = PBXBuildFile; fileRef = 1432D28E28AB7A7000285E2E /* DataModel.swift */; };
		1432D29128AB7AE800285E2E /* DataViewModel.swift in Sources */ = {isa = PBXBuildFile; fileRef = 1432D29028AB7AE800285E2E /* DataViewModel.swift */; };
		1432D29528AB841F00285E2E /* StartGameView.swift in Sources */ = {isa = PBXBuildFile; fileRef = 1432D29428AB841F00285E2E /* StartGameView.swift */; };
		1432D29728AB8B3600285E2E /* ScoreView.swift in Sources */ = {isa = PBXBuildFile; fileRef = 1432D29628AB8B3600285E2E /* ScoreView.swift */; };
		1432D29928ACDC5900285E2E /* ModifyScoreView.swift in Sources */ = {isa = PBXBuildFile; fileRef = 1432D29828ACDC5900285E2E /* ModifyScoreView.swift */; };
		14AF29EA28C211B3000BCFF7 /* CardCellView.swift in Sources */ = {isa = PBXBuildFile; fileRef = 14AF29E928C211B3000BCFF7 /* CardCellView.swift */; };
		14D4B2C528F58EC50042B267 /* SPConfetti in Frameworks */ = {isa = PBXBuildFile; productRef = 14D4B2C428F58EC50042B267 /* SPConfetti */; };
		14D4B2CB28F97CBE0042B267 /* SwiftConfettiView in Frameworks */ = {isa = PBXBuildFile; productRef = 14D4B2CA28F97CBE0042B267 /* SwiftConfettiView */; };
		14D4B2E72907CE390042B267 /* cabin-condensed.bold.ttf in Resources */ = {isa = PBXBuildFile; fileRef = 14D4B2E62907CE390042B267 /* cabin-condensed.bold.ttf */; };
		14D4B2E82907D0290042B267 /* CabinCondensed-Bold.ttf in Resources */ = {isa = PBXBuildFile; fileRef = 14183C6028EC45F300B23AB3 /* CabinCondensed-Bold.ttf */; };
		14D4B2EA290935C80042B267 /* PodiumModalView.swift in Sources */ = {isa = PBXBuildFile; fileRef = 14D4B2E9290935C80042B267 /* PodiumModalView.swift */; };
		14D4B306290A67A10042B267 /* WebUnoRulesView.swift in Sources */ = {isa = PBXBuildFile; fileRef = 14D4B305290A67A10042B267 /* WebUnoRulesView.swift */; };
		14D4B308290A69970042B267 /* RulesModalView.swift in Sources */ = {isa = PBXBuildFile; fileRef = 14D4B307290A69970042B267 /* RulesModalView.swift */; };
/* End PBXBuildFile section */

/* Begin PBXFileReference section */
		14183C1B28DC5EDF00B23AB3 /* EditingModalView.swift */ = {isa = PBXFileReference; lastKnownFileType = sourcecode.swift; path = EditingModalView.swift; sourceTree = "<group>"; };
		14183C3B28E5B3A100B23AB3 /* TestFontSwiftui.swift */ = {isa = PBXFileReference; lastKnownFileType = sourcecode.swift; path = TestFontSwiftui.swift; sourceTree = "<group>"; };
		14183C5828E884F800B23AB3 /* IBMPlexSansCondensed-Italic.ttf */ = {isa = PBXFileReference; lastKnownFileType = file; path = "IBMPlexSansCondensed-Italic.ttf"; sourceTree = "<group>"; };
		14183C5A28E8863500B23AB3 /* IBMPlexSansCondensed-SemiBoldItalic.ttf */ = {isa = PBXFileReference; lastKnownFileType = file; path = "IBMPlexSansCondensed-SemiBoldItalic.ttf"; sourceTree = "<group>"; };
		14183C5C28E886CD00B23AB3 /* StintUltraCondensed-Regular.ttf */ = {isa = PBXFileReference; lastKnownFileType = file; path = "StintUltraCondensed-Regular.ttf"; sourceTree = "<group>"; };
		14183C6028EC45F300B23AB3 /* CabinCondensed-Bold.ttf */ = {isa = PBXFileReference; lastKnownFileType = file; path = "CabinCondensed-Bold.ttf"; sourceTree = "<group>"; };
		14183C6228EC489800B23AB3 /* PlusFourCardDraw.swift */ = {isa = PBXFileReference; lastKnownFileType = sourcecode.swift; path = PlusFourCardDraw.swift; sourceTree = "<group>"; };
		14183C6828EC69C100B23AB3 /* PlusTwoCardView.swift */ = {isa = PBXFileReference; lastKnownFileType = sourcecode.swift; path = PlusTwoCardView.swift; sourceTree = "<group>"; };
		14183C6A28ED8AD600B23AB3 /* TourChangeCardView.swift */ = {isa = PBXFileReference; lastKnownFileType = sourcecode.swift; path = TourChangeCardView.swift; sourceTree = "<group>"; };
		142C54132912BF190003033A /* TestSEarcheList.swift */ = {isa = PBXFileReference; lastKnownFileType = sourcecode.swift; path = TestSEarcheList.swift; sourceTree = "<group>"; };
		1432D27D28AB7A4B00285E2E /* UnoScore.app */ = {isa = PBXFileReference; explicitFileType = wrapper.application; includeInIndex = 0; path = UnoScore.app; sourceTree = BUILT_PRODUCTS_DIR; };
		1432D28028AB7A4B00285E2E /* UnoScoreApp.swift */ = {isa = PBXFileReference; lastKnownFileType = sourcecode.swift; path = UnoScoreApp.swift; sourceTree = "<group>"; };
		1432D28228AB7A4B00285E2E /* ContentView.swift */ = {isa = PBXFileReference; lastKnownFileType = sourcecode.swift; path = ContentView.swift; sourceTree = "<group>"; };
		1432D28428AB7A4D00285E2E /* Assets.xcassets */ = {isa = PBXFileReference; lastKnownFileType = folder.assetcatalog; path = Assets.xcassets; sourceTree = "<group>"; };
		1432D28728AB7A4D00285E2E /* Preview Assets.xcassets */ = {isa = PBXFileReference; lastKnownFileType = folder.assetcatalog; path = "Preview Assets.xcassets"; sourceTree = "<group>"; };
		1432D28E28AB7A7000285E2E /* DataModel.swift */ = {isa = PBXFileReference; lastKnownFileType = sourcecode.swift; path = DataModel.swift; sourceTree = "<group>"; };
		1432D29028AB7AE800285E2E /* DataViewModel.swift */ = {isa = PBXFileReference; lastKnownFileType = sourcecode.swift; path = DataViewModel.swift; sourceTree = "<group>"; };
		1432D29428AB841F00285E2E /* StartGameView.swift */ = {isa = PBXFileReference; lastKnownFileType = sourcecode.swift; path = StartGameView.swift; sourceTree = "<group>"; };
		1432D29628AB8B3600285E2E /* ScoreView.swift */ = {isa = PBXFileReference; lastKnownFileType = sourcecode.swift; path = ScoreView.swift; sourceTree = "<group>"; };
		1432D29828ACDC5900285E2E /* ModifyScoreView.swift */ = {isa = PBXFileReference; lastKnownFileType = sourcecode.swift; path = ModifyScoreView.swift; sourceTree = "<group>"; };
		14AF29E928C211B3000BCFF7 /* CardCellView.swift */ = {isa = PBXFileReference; lastKnownFileType = sourcecode.swift; path = CardCellView.swift; sourceTree = "<group>"; };
		14D4B2E62907CE390042B267 /* cabin-condensed.bold.ttf */ = {isa = PBXFileReference; lastKnownFileType = file; path = "cabin-condensed.bold.ttf"; sourceTree = "<group>"; };
		14D4B2E9290935C80042B267 /* PodiumModalView.swift */ = {isa = PBXFileReference; lastKnownFileType = sourcecode.swift; path = PodiumModalView.swift; sourceTree = "<group>"; };
		14D4B305290A67A10042B267 /* WebUnoRulesView.swift */ = {isa = PBXFileReference; lastKnownFileType = sourcecode.swift; path = WebUnoRulesView.swift; sourceTree = "<group>"; };
		14D4B307290A69970042B267 /* RulesModalView.swift */ = {isa = PBXFileReference; lastKnownFileType = sourcecode.swift; path = RulesModalView.swift; sourceTree = "<group>"; };
/* End PBXFileReference section */

/* Begin PBXFrameworksBuildPhase section */
		1432D27A28AB7A4B00285E2E /* Frameworks */ = {
			isa = PBXFrameworksBuildPhase;
			buildActionMask = 2147483647;
			files = (
				14D4B2C528F58EC50042B267 /* SPConfetti in Frameworks */,
				14D4B2CB28F97CBE0042B267 /* SwiftConfettiView in Frameworks */,
			);
			runOnlyForDeploymentPostprocessing = 0;
		};
/* End PBXFrameworksBuildPhase section */

/* Begin PBXGroup section */
		14183C5728E8849F00B23AB3 /* Fonts */ = {
			isa = PBXGroup;
			children = (
				14D4B2E62907CE390042B267 /* cabin-condensed.bold.ttf */,
				14183C6028EC45F300B23AB3 /* CabinCondensed-Bold.ttf */,
				14183C5C28E886CD00B23AB3 /* StintUltraCondensed-Regular.ttf */,
				14183C5A28E8863500B23AB3 /* IBMPlexSansCondensed-SemiBoldItalic.ttf */,
				14183C5828E884F800B23AB3 /* IBMPlexSansCondensed-Italic.ttf */,
			);
			path = Fonts;
			sourceTree = "<group>";
		};
		1432D27428AB7A4B00285E2E = {
			isa = PBXGroup;
			children = (
				1432D27F28AB7A4B00285E2E /* UnoScore */,
				1432D27E28AB7A4B00285E2E /* Products */,
			);
			sourceTree = "<group>";
		};
		1432D27E28AB7A4B00285E2E /* Products */ = {
			isa = PBXGroup;
			children = (
				1432D27D28AB7A4B00285E2E /* UnoScore.app */,
			);
			name = Products;
			sourceTree = "<group>";
		};
		1432D27F28AB7A4B00285E2E /* UnoScore */ = {
			isa = PBXGroup;
			children = (
				1432D28028AB7A4B00285E2E /* UnoScoreApp.swift */,
				1432D28228AB7A4B00285E2E /* ContentView.swift */,
				1432D28E28AB7A7000285E2E /* DataModel.swift */,
				1432D29028AB7AE800285E2E /* DataViewModel.swift */,
				1432D29428AB841F00285E2E /* StartGameView.swift */,
				1432D29628AB8B3600285E2E /* ScoreView.swift */,
				1432D29828ACDC5900285E2E /* ModifyScoreView.swift */,
				14D4B2E9290935C80042B267 /* PodiumModalView.swift */,
				14183C1B28DC5EDF00B23AB3 /* EditingModalView.swift */,
				14D4B307290A69970042B267 /* RulesModalView.swift */,
				14AF29E928C211B3000BCFF7 /* CardCellView.swift */,
				14183C6828EC69C100B23AB3 /* PlusTwoCardView.swift */,
				14183C6228EC489800B23AB3 /* PlusFourCardDraw.swift */,
				14183C6A28ED8AD600B23AB3 /* TourChangeCardView.swift */,
				14183C3B28E5B3A100B23AB3 /* TestFontSwiftui.swift */,
				14D4B305290A67A10042B267 /* WebUnoRulesView.swift */,
				1432D28428AB7A4D00285E2E /* Assets.xcassets */,
				142C54132912BF190003033A /* TestSEarcheList.swift */,
				14183C5728E8849F00B23AB3 /* Fonts */,
				1432D28628AB7A4D00285E2E /* Preview Content */,
			);
			path = UnoScore;
			sourceTree = "<group>";
		};
		1432D28628AB7A4D00285E2E /* Preview Content */ = {
			isa = PBXGroup;
			children = (
				1432D28728AB7A4D00285E2E /* Preview Assets.xcassets */,
			);
			path = "Preview Content";
			sourceTree = "<group>";
		};
/* End PBXGroup section */

/* Begin PBXNativeTarget section */
		1432D27C28AB7A4B00285E2E /* UnoScore */ = {
			isa = PBXNativeTarget;
			buildConfigurationList = 1432D28B28AB7A4D00285E2E /* Build configuration list for PBXNativeTarget "UnoScore" */;
			buildPhases = (
				1432D27928AB7A4B00285E2E /* Sources */,
				1432D27A28AB7A4B00285E2E /* Frameworks */,
				1432D27B28AB7A4B00285E2E /* Resources */,
			);
			buildRules = (
			);
			dependencies = (
			);
			name = UnoScore;
			packageProductDependencies = (
				14D4B2C428F58EC50042B267 /* SPConfetti */,
				14D4B2CA28F97CBE0042B267 /* SwiftConfettiView */,
			);
			productName = UnoScore;
			productReference = 1432D27D28AB7A4B00285E2E /* UnoScore.app */;
			productType = "com.apple.product-type.application";
		};
/* End PBXNativeTarget section */

/* Begin PBXProject section */
		1432D27528AB7A4B00285E2E /* Project object */ = {
			isa = PBXProject;
			attributes = {
				BuildIndependentTargetsInParallel = 1;
				LastSwiftUpdateCheck = 1340;
				LastUpgradeCheck = 1340;
				TargetAttributes = {
					1432D27C28AB7A4B00285E2E = {
						CreatedOnToolsVersion = 13.4.1;
					};
				};
			};
			buildConfigurationList = 1432D27828AB7A4B00285E2E /* Build configuration list for PBXProject "UnoScore" */;
			compatibilityVersion = "Xcode 13.0";
			developmentRegion = en;
			hasScannedForEncodings = 0;
			knownRegions = (
				en,
				Base,
			);
			mainGroup = 1432D27428AB7A4B00285E2E;
			packageReferences = (
				14D4B2C328F58EC50042B267 /* XCRemoteSwiftPackageReference "SPConfetti" */,
				14D4B2C928F97CBE0042B267 /* XCRemoteSwiftPackageReference "SwiftConfettiView" */,
			);
			productRefGroup = 1432D27E28AB7A4B00285E2E /* Products */;
			projectDirPath = "";
			projectRoot = "";
			targets = (
				1432D27C28AB7A4B00285E2E /* UnoScore */,
			);
		};
/* End PBXProject section */

/* Begin PBXResourcesBuildPhase section */
		1432D27B28AB7A4B00285E2E /* Resources */ = {
			isa = PBXResourcesBuildPhase;
			buildActionMask = 2147483647;
			files = (
				14183C5D28E886CD00B23AB3 /* StintUltraCondensed-Regular.ttf in Resources */,
				1432D28828AB7A4D00285E2E /* Preview Assets.xcassets in Resources */,
				1432D28528AB7A4D00285E2E /* Assets.xcassets in Resources */,
				14183C5B28E8863500B23AB3 /* IBMPlexSansCondensed-SemiBoldItalic.ttf in Resources */,
				14D4B2E72907CE390042B267 /* cabin-condensed.bold.ttf in Resources */,
				14D4B2E82907D0290042B267 /* CabinCondensed-Bold.ttf in Resources */,
				14183C5928E884F800B23AB3 /* IBMPlexSansCondensed-Italic.ttf in Resources */,
			);
			runOnlyForDeploymentPostprocessing = 0;
		};
/* End PBXResourcesBuildPhase section */

/* Begin PBXSourcesBuildPhase section */
		1432D27928AB7A4B00285E2E /* Sources */ = {
			isa = PBXSourcesBuildPhase;
			buildActionMask = 2147483647;
			files = (
				14183C6B28ED8AD600B23AB3 /* TourChangeCardView.swift in Sources */,
				1432D29128AB7AE800285E2E /* DataViewModel.swift in Sources */,
				14D4B308290A69970042B267 /* RulesModalView.swift in Sources */,
				1432D29928ACDC5900285E2E /* ModifyScoreView.swift in Sources */,
				14AF29EA28C211B3000BCFF7 /* CardCellView.swift in Sources */,
				1432D29528AB841F00285E2E /* StartGameView.swift in Sources */,
				14183C3C28E5B3A100B23AB3 /* TestFontSwiftui.swift in Sources */,
				1432D28328AB7A4B00285E2E /* ContentView.swift in Sources */,
				142C54142912BF190003033A /* TestSEarcheList.swift in Sources */,
				14183C6928EC69C100B23AB3 /* PlusTwoCardView.swift in Sources */,
				1432D29728AB8B3600285E2E /* ScoreView.swift in Sources */,
				14183C1C28DC5EDF00B23AB3 /* EditingModalView.swift in Sources */,
				14D4B2EA290935C80042B267 /* PodiumModalView.swift in Sources */,
				14D4B306290A67A10042B267 /* WebUnoRulesView.swift in Sources */,
				14183C6328EC489800B23AB3 /* PlusFourCardDraw.swift in Sources */,
				1432D28128AB7A4B00285E2E /* UnoScoreApp.swift in Sources */,
				1432D28F28AB7A7000285E2E /* DataModel.swift in Sources */,
			);
			runOnlyForDeploymentPostprocessing = 0;
		};
/* End PBXSourcesBuildPhase section */

/* Begin XCBuildConfiguration section */
		1432D28928AB7A4D00285E2E /* Debug */ = {
			isa = XCBuildConfiguration;
			buildSettings = {
				ALWAYS_SEARCH_USER_PATHS = NO;
				CLANG_ANALYZER_NONNULL = YES;
				CLANG_ANALYZER_NUMBER_OBJECT_CONVERSION = YES_AGGRESSIVE;
				CLANG_CXX_LANGUAGE_STANDARD = "gnu++17";
				CLANG_ENABLE_MODULES = YES;
				CLANG_ENABLE_OBJC_ARC = YES;
				CLANG_ENABLE_OBJC_WEAK = YES;
				CLANG_WARN_BLOCK_CAPTURE_AUTORELEASING = YES;
				CLANG_WARN_BOOL_CONVERSION = YES;
				CLANG_WARN_COMMA = YES;
				CLANG_WARN_CONSTANT_CONVERSION = YES;
				CLANG_WARN_DEPRECATED_OBJC_IMPLEMENTATIONS = YES;
				CLANG_WARN_DIRECT_OBJC_ISA_USAGE = YES_ERROR;
				CLANG_WARN_DOCUMENTATION_COMMENTS = YES;
				CLANG_WARN_EMPTY_BODY = YES;
				CLANG_WARN_ENUM_CONVERSION = YES;
				CLANG_WARN_INFINITE_RECURSION = YES;
				CLANG_WARN_INT_CONVERSION = YES;
				CLANG_WARN_NON_LITERAL_NULL_CONVERSION = YES;
				CLANG_WARN_OBJC_IMPLICIT_RETAIN_SELF = YES;
				CLANG_WARN_OBJC_LITERAL_CONVERSION = YES;
				CLANG_WARN_OBJC_ROOT_CLASS = YES_ERROR;
				CLANG_WARN_QUOTED_INCLUDE_IN_FRAMEWORK_HEADER = YES;
				CLANG_WARN_RANGE_LOOP_ANALYSIS = YES;
				CLANG_WARN_STRICT_PROTOTYPES = YES;
				CLANG_WARN_SUSPICIOUS_MOVE = YES;
				CLANG_WARN_UNGUARDED_AVAILABILITY = YES_AGGRESSIVE;
				CLANG_WARN_UNREACHABLE_CODE = YES;
				CLANG_WARN__DUPLICATE_METHOD_MATCH = YES;
				COPY_PHASE_STRIP = NO;
				DEBUG_INFORMATION_FORMAT = dwarf;
				ENABLE_STRICT_OBJC_MSGSEND = YES;
				ENABLE_TESTABILITY = YES;
				GCC_C_LANGUAGE_STANDARD = gnu11;
				GCC_DYNAMIC_NO_PIC = NO;
				GCC_NO_COMMON_BLOCKS = YES;
				GCC_OPTIMIZATION_LEVEL = 0;
				GCC_PREPROCESSOR_DEFINITIONS = (
					"DEBUG=1",
					"$(inherited)",
				);
				GCC_WARN_64_TO_32_BIT_CONVERSION = YES;
				GCC_WARN_ABOUT_RETURN_TYPE = YES_ERROR;
				GCC_WARN_UNDECLARED_SELECTOR = YES;
				GCC_WARN_UNINITIALIZED_AUTOS = YES_AGGRESSIVE;
				GCC_WARN_UNUSED_FUNCTION = YES;
				GCC_WARN_UNUSED_VARIABLE = YES;
				IPHONEOS_DEPLOYMENT_TARGET = 16.2;
				MTL_ENABLE_DEBUG_INFO = INCLUDE_SOURCE;
				MTL_FAST_MATH = YES;
				ONLY_ACTIVE_ARCH = YES;
				SDKROOT = iphoneos;
				SWIFT_ACTIVE_COMPILATION_CONDITIONS = DEBUG;
				SWIFT_OPTIMIZATION_LEVEL = "-Onone";
			};
			name = Debug;
		};
		1432D28A28AB7A4D00285E2E /* Release */ = {
			isa = XCBuildConfiguration;
			buildSettings = {
				ALWAYS_SEARCH_USER_PATHS = NO;
				CLANG_ANALYZER_NONNULL = YES;
				CLANG_ANALYZER_NUMBER_OBJECT_CONVERSION = YES_AGGRESSIVE;
				CLANG_CXX_LANGUAGE_STANDARD = "gnu++17";
				CLANG_ENABLE_MODULES = YES;
				CLANG_ENABLE_OBJC_ARC = YES;
				CLANG_ENABLE_OBJC_WEAK = YES;
				CLANG_WARN_BLOCK_CAPTURE_AUTORELEASING = YES;
				CLANG_WARN_BOOL_CONVERSION = YES;
				CLANG_WARN_COMMA = YES;
				CLANG_WARN_CONSTANT_CONVERSION = YES;
				CLANG_WARN_DEPRECATED_OBJC_IMPLEMENTATIONS = YES;
				CLANG_WARN_DIRECT_OBJC_ISA_USAGE = YES_ERROR;
				CLANG_WARN_DOCUMENTATION_COMMENTS = YES;
				CLANG_WARN_EMPTY_BODY = YES;
				CLANG_WARN_ENUM_CONVERSION = YES;
				CLANG_WARN_INFINITE_RECURSION = YES;
				CLANG_WARN_INT_CONVERSION = YES;
				CLANG_WARN_NON_LITERAL_NULL_CONVERSION = YES;
				CLANG_WARN_OBJC_IMPLICIT_RETAIN_SELF = YES;
				CLANG_WARN_OBJC_LITERAL_CONVERSION = YES;
				CLANG_WARN_OBJC_ROOT_CLASS = YES_ERROR;
				CLANG_WARN_QUOTED_INCLUDE_IN_FRAMEWORK_HEADER = YES;
				CLANG_WARN_RANGE_LOOP_ANALYSIS = YES;
				CLANG_WARN_STRICT_PROTOTYPES = YES;
				CLANG_WARN_SUSPICIOUS_MOVE = YES;
				CLANG_WARN_UNGUARDED_AVAILABILITY = YES_AGGRESSIVE;
				CLANG_WARN_UNREACHABLE_CODE = YES;
				CLANG_WARN__DUPLICATE_METHOD_MATCH = YES;
				COPY_PHASE_STRIP = NO;
				DEBUG_INFORMATION_FORMAT = "dwarf-with-dsym";
				ENABLE_NS_ASSERTIONS = NO;
				ENABLE_STRICT_OBJC_MSGSEND = YES;
				GCC_C_LANGUAGE_STANDARD = gnu11;
				GCC_NO_COMMON_BLOCKS = YES;
				GCC_WARN_64_TO_32_BIT_CONVERSION = YES;
				GCC_WARN_ABOUT_RETURN_TYPE = YES_ERROR;
				GCC_WARN_UNDECLARED_SELECTOR = YES;
				GCC_WARN_UNINITIALIZED_AUTOS = YES_AGGRESSIVE;
				GCC_WARN_UNUSED_FUNCTION = YES;
				GCC_WARN_UNUSED_VARIABLE = YES;
				IPHONEOS_DEPLOYMENT_TARGET = 16.2;
				MTL_ENABLE_DEBUG_INFO = NO;
				MTL_FAST_MATH = YES;
				SDKROOT = iphoneos;
				SWIFT_COMPILATION_MODE = wholemodule;
				SWIFT_OPTIMIZATION_LEVEL = "-O";
				VALIDATE_PRODUCT = YES;
			};
			name = Release;
		};
		1432D28C28AB7A4D00285E2E /* Debug */ = {
			isa = XCBuildConfiguration;
			buildSettings = {
				ASSETCATALOG_COMPILER_APPICON_NAME = AppIcon;
				ASSETCATALOG_COMPILER_GLOBAL_ACCENT_COLOR_NAME = AccentColor;
				CODE_SIGN_STYLE = Automatic;
				CURRENT_PROJECT_VERSION = 1;
				DEVELOPMENT_ASSET_PATHS = "\"UnoScore/Preview Content\"";
				DEVELOPMENT_TEAM = 4FK7MWFCFZ;
				ENABLE_PREVIEWS = YES;
				GENERATE_INFOPLIST_FILE = YES;
				INFOPLIST_KEY_UIApplicationSceneManifest_Generation = YES;
				INFOPLIST_KEY_UIApplicationSupportsIndirectInputEvents = YES;
				INFOPLIST_KEY_UILaunchScreen_Generation = YES;
				INFOPLIST_KEY_UISupportedInterfaceOrientations_iPad = "UIInterfaceOrientationPortrait UIInterfaceOrientationPortraitUpsideDown UIInterfaceOrientationLandscapeLeft UIInterfaceOrientationLandscapeRight";
				INFOPLIST_KEY_UISupportedInterfaceOrientations_iPhone = "UIInterfaceOrientationPortrait UIInterfaceOrientationLandscapeLeft UIInterfaceOrientationLandscapeRight";
				LD_RUNPATH_SEARCH_PATHS = (
					"$(inherited)",
					"@executable_path/Frameworks",
				);
				MARKETING_VERSION = 1.0;
				PRODUCT_BUNDLE_IDENTIFIER = com.RomainPoyard.UnoScore;
				PRODUCT_NAME = "$(TARGET_NAME)";
				SUPPORTED_PLATFORMS = "iphoneos iphonesimulator";
				SUPPORTS_MACCATALYST = NO;
				SUPPORTS_MAC_DESIGNED_FOR_IPHONE_IPAD = NO;
				SWIFT_EMIT_LOC_STRINGS = YES;
				SWIFT_VERSION = 5.0;
				TARGETED_DEVICE_FAMILY = "1,2";
			};
			name = Debug;
		};
		1432D28D28AB7A4D00285E2E /* Release */ = {
			isa = XCBuildConfiguration;
			buildSettings = {
				ASSETCATALOG_COMPILER_APPICON_NAME = AppIcon;
				ASSETCATALOG_COMPILER_GLOBAL_ACCENT_COLOR_NAME = AccentColor;
				CODE_SIGN_STYLE = Automatic;
				CURRENT_PROJECT_VERSION = 1;
				DEVELOPMENT_ASSET_PATHS = "\"UnoScore/Preview Content\"";
				DEVELOPMENT_TEAM = 4FK7MWFCFZ;
				ENABLE_PREVIEWS = YES;
				GENERATE_INFOPLIST_FILE = YES;
				INFOPLIST_KEY_UIApplicationSceneManifest_Generation = YES;
				INFOPLIST_KEY_UIApplicationSupportsIndirectInputEvents = YES;
				INFOPLIST_KEY_UILaunchScreen_Generation = YES;
				INFOPLIST_KEY_UISupportedInterfaceOrientations_iPad = "UIInterfaceOrientationPortrait UIInterfaceOrientationPortraitUpsideDown UIInterfaceOrientationLandscapeLeft UIInterfaceOrientationLandscapeRight";
				INFOPLIST_KEY_UISupportedInterfaceOrientations_iPhone = "UIInterfaceOrientationPortrait UIInterfaceOrientationLandscapeLeft UIInterfaceOrientationLandscapeRight";
				LD_RUNPATH_SEARCH_PATHS = (
					"$(inherited)",
					"@executable_path/Frameworks",
				);
				MARKETING_VERSION = 1.0;
				PRODUCT_BUNDLE_IDENTIFIER = com.RomainPoyard.UnoScore;
				PRODUCT_NAME = "$(TARGET_NAME)";
				SUPPORTED_PLATFORMS = "iphoneos iphonesimulator";
				SUPPORTS_MACCATALYST = NO;
				SUPPORTS_MAC_DESIGNED_FOR_IPHONE_IPAD = NO;
				SWIFT_EMIT_LOC_STRINGS = YES;
				SWIFT_VERSION = 5.0;
				TARGETED_DEVICE_FAMILY = "1,2";
			};
			name = Release;
		};
/* End XCBuildConfiguration section */

/* Begin XCConfigurationList section */
		1432D27828AB7A4B00285E2E /* Build configuration list for PBXProject "UnoScore" */ = {
			isa = XCConfigurationList;
			buildConfigurations = (
				1432D28928AB7A4D00285E2E /* Debug */,
				1432D28A28AB7A4D00285E2E /* Release */,
			);
			defaultConfigurationIsVisible = 0;
			defaultConfigurationName = Release;
		};
		1432D28B28AB7A4D00285E2E /* Build configuration list for PBXNativeTarget "UnoScore" */ = {
			isa = XCConfigurationList;
			buildConfigurations = (
				1432D28C28AB7A4D00285E2E /* Debug */,
				1432D28D28AB7A4D00285E2E /* Release */,
			);
			defaultConfigurationIsVisible = 0;
			defaultConfigurationName = Release;
		};
/* End XCConfigurationList section */

/* Begin XCRemoteSwiftPackageReference section */
		14D4B2C328F58EC50042B267 /* XCRemoteSwiftPackageReference "SPConfetti" */ = {
			isa = XCRemoteSwiftPackageReference;
			repositoryURL = "https://github.com/ivanvorobei/SPConfetti";
			requirement = {
				kind = upToNextMajorVersion;
				minimumVersion = 1.0.0;
			};
		};
		14D4B2C928F97CBE0042B267 /* XCRemoteSwiftPackageReference "SwiftConfettiView" */ = {
			isa = XCRemoteSwiftPackageReference;
			repositoryURL = "https://github.com/theoriginalbit/SwiftConfettiView.git";
			requirement = {
				kind = upToNextMajorVersion;
				minimumVersion = 0.2.0;
			};
		};
/* End XCRemoteSwiftPackageReference section */

/* Begin XCSwiftPackageProductDependency section */
		14D4B2C428F58EC50042B267 /* SPConfetti */ = {
			isa = XCSwiftPackageProductDependency;
			package = 14D4B2C328F58EC50042B267 /* XCRemoteSwiftPackageReference "SPConfetti" */;
			productName = SPConfetti;
		};
		14D4B2CA28F97CBE0042B267 /* SwiftConfettiView */ = {
			isa = XCSwiftPackageProductDependency;
			package = 14D4B2C928F97CBE0042B267 /* XCRemoteSwiftPackageReference "SwiftConfettiView" */;
			productName = SwiftConfettiView;
		};
/* End XCSwiftPackageProductDependency section */
	};
	rootObject = 1432D27528AB7A4B00285E2E /* Project object */;
}
